
Microsoft Visual Studio Solution File, Format Version 12.00
# Visual Studio Version 16
VisualStudioVersion = 16.0.30309.148
MinimumVisualStudioVersion = 10.0.40219.1
Project("{FAE04EC0-301F-11D3-BF4B-00C04F79EFBC}") = "ASIP.Shared", "ASIP.Shared\ASIP.Shared.csproj", "{8AB0CB44-0900-4A73-A756-EE245B92119F}"
EndProject
Global
	GlobalSection(SolutionConfigurationPlatforms) = preSolution
		Debug|Any CPU = Debug|Any CPU
		Release|Any CPU = Release|Any CPU
	EndGlobalSection
	GlobalSection(ProjectConfigurationPlatforms) = postSolution
		{8AB0CB44-0900-4A73-A756-EE245B92119F}.Debug|Any CPU.ActiveCfg = Debug|Any CPU
		{8AB0CB44-0900-4A73-A756-EE245B92119F}.Debug|Any CPU.Build.0 = Debug|Any CPU
		{8AB0CB44-0900-4A73-A756-EE245B92119F}.Release|Any CPU.ActiveCfg = Release|Any CPU
		{8AB0CB44-0900-4A73-A756-EE245B92119F}.Release|Any CPU.Build.0 = Release|Any CPU
	EndGlobalSection
	GlobalSection(SolutionProperties) = preSolution
		HideSolutionNode = FALSE
	EndGlobalSection
	GlobalSection(ExtensibilityGlobals) = postSolution
		SolutionGuid = {A1A2A800-9475-4AA2-8B20-E9B0527AFC04}
	EndGlobalSection
EndGlobal
